// !$*UTF8*$!
{
	archiveVersion = 1;
	classes = {
	};
	objectVersion = 46;
	objects = {

/* Begin PBXBuildFile section */
		1E1FE0C01D47C0AD003A4AAE /* Forecast.swift in Sources */ = {isa = PBXBuildFile; fileRef = 1E433E8D1D476BA80056479A /* Forecast.swift */; };
		1E1FE0C11D47C0B6003A4AAE /* Router.swift in Sources */ = {isa = PBXBuildFile; fileRef = 5535ADEC1D44270D002959EC /* Router.swift */; };
		1E1FE0C21D47C0B9003A4AAE /* TimeMachine.swift in Sources */ = {isa = PBXBuildFile; fileRef = 5525DC981D3D974700D3967C /* TimeMachine.swift */; };
		1E1FE0C31D47C0BB003A4AAE /* Current.swift in Sources */ = {isa = PBXBuildFile; fileRef = 5525DC961D3D973A00D3967C /* Current.swift */; };
		1E1FE0C41D47C0BE003A4AAE /* Configuration.swift in Sources */ = {isa = PBXBuildFile; fileRef = 5525DC9A1D3D9ECA00D3967C /* Configuration.swift */; };
		1E1FE0C51D47C0C0003A4AAE /* DarkSkyKit.swift in Sources */ = {isa = PBXBuildFile; fileRef = 5525DC941D3D8C2E00D3967C /* DarkSkyKit.swift */; };
		1E1FE0C61D47C11C003A4AAE /* ConfigurationTests.swift in Sources */ = {isa = PBXBuildFile; fileRef = 5525DC6C1D3D89FF00D3967C /* ConfigurationTests.swift */; };
		1E1FE0C81D47CF4D003A4AAE /* ForecastKitTests.swift in Sources */ = {isa = PBXBuildFile; fileRef = 1E1FE0C71D47CF4D003A4AAE /* ForecastKitTests.swift */; };
		1E433E8E1D476BA80056479A /* Forecast.swift in Sources */ = {isa = PBXBuildFile; fileRef = 1E433E8D1D476BA80056479A /* Forecast.swift */; };
		1E433E911D4792250056479A /* ForecastDataPoint.swift in Sources */ = {isa = PBXBuildFile; fileRef = 1E433E901D4792250056479A /* ForecastDataPoint.swift */; };
		1E433E921D4792250056479A /* ForecastDataPoint.swift in Sources */ = {isa = PBXBuildFile; fileRef = 1E433E901D4792250056479A /* ForecastDataPoint.swift */; };
		1E433E941D47923A0056479A /* ForecastFlags.swift in Sources */ = {isa = PBXBuildFile; fileRef = 1E433E931D47923A0056479A /* ForecastFlags.swift */; };
		1E433E951D47923A0056479A /* ForecastFlags.swift in Sources */ = {isa = PBXBuildFile; fileRef = 1E433E931D47923A0056479A /* ForecastFlags.swift */; };
		1E433E971D4792500056479A /* ForecastAlert.swift in Sources */ = {isa = PBXBuildFile; fileRef = 1E433E961D4792500056479A /* ForecastAlert.swift */; };
		1E433E981D4792500056479A /* ForecastAlert.swift in Sources */ = {isa = PBXBuildFile; fileRef = 1E433E961D4792500056479A /* ForecastAlert.swift */; };
		1EA9820D1D48FF1900B3CAD3 /* ForecastFlagsTests.swift in Sources */ = {isa = PBXBuildFile; fileRef = 1EA9820C1D48FF1900B3CAD3 /* ForecastFlagsTests.swift */; };
		1EA982111D48FFEB00B3CAD3 /* flags.json in Resources */ = {isa = PBXBuildFile; fileRef = 1EA982101D48FFEB00B3CAD3 /* flags.json */; };
		5525DC861D3D8ACA00D3967C /* DarkSkyKitExample.framework in Frameworks */ = {isa = PBXBuildFile; fileRef = 5525DC7C1D3D8ACA00D3967C /* DarkSkyKitExample.framework */; };
		5525DC951D3D8C2E00D3967C /* DarkSkyKit.swift in Sources */ = {isa = PBXBuildFile; fileRef = 5525DC941D3D8C2E00D3967C /* DarkSkyKit.swift */; };
		5525DC971D3D973A00D3967C /* Current.swift in Sources */ = {isa = PBXBuildFile; fileRef = 5525DC961D3D973A00D3967C /* Current.swift */; };
		5525DC991D3D974700D3967C /* TimeMachine.swift in Sources */ = {isa = PBXBuildFile; fileRef = 5525DC981D3D974700D3967C /* TimeMachine.swift */; };
		5525DC9B1D3D9ECA00D3967C /* Configuration.swift in Sources */ = {isa = PBXBuildFile; fileRef = 5525DC9A1D3D9ECA00D3967C /* Configuration.swift */; };
		5535ADED1D44270D002959EC /* Router.swift in Sources */ = {isa = PBXBuildFile; fileRef = 5535ADEC1D44270D002959EC /* Router.swift */; };
		D5E32BD5105B038CA4A10B05 /* Pods_DarkSkyKitExampleTests.framework in Frameworks */ = {isa = PBXBuildFile; fileRef = 39C1E25F35A04708AEEBE999 /* Pods_DarkSkyKitExampleTests.framework */; };
		F5ADC57F0B8F2D88A238781B /* Pods_DarkSkyKitExample.framework in Frameworks */ = {isa = PBXBuildFile; fileRef = A4C2E930139FA5009D7F9220 /* Pods_DarkSkyKitExample.framework */; };
/* End PBXBuildFile section */

/* Begin PBXContainerItemProxy section */
		5525DC871D3D8ACA00D3967C /* PBXContainerItemProxy */ = {
			isa = PBXContainerItemProxy;
			containerPortal = 5525DC4C1D3D89FE00D3967C /* Project object */;
			proxyType = 1;
			remoteGlobalIDString = 5525DC7B1D3D8ACA00D3967C;
			remoteInfo = ForecastKit;
		};
/* End PBXContainerItemProxy section */

/* Begin PBXFileReference section */
		1E1FE0C71D47CF4D003A4AAE /* ForecastKitTests.swift */ = {isa = PBXFileReference; fileEncoding = 4; lastKnownFileType = sourcecode.swift; path = ForecastKitTests.swift; sourceTree = "<group>"; };
		1E433E8D1D476BA80056479A /* Forecast.swift */ = {isa = PBXFileReference; fileEncoding = 4; lastKnownFileType = sourcecode.swift; name = Forecast.swift; path = ../Forecast.swift; sourceTree = "<group>"; };
		1E433E901D4792250056479A /* ForecastDataPoint.swift */ = {isa = PBXFileReference; fileEncoding = 4; lastKnownFileType = sourcecode.swift; path = ForecastDataPoint.swift; sourceTree = "<group>"; };
		1E433E931D47923A0056479A /* ForecastFlags.swift */ = {isa = PBXFileReference; fileEncoding = 4; lastKnownFileType = sourcecode.swift; path = ForecastFlags.swift; sourceTree = "<group>"; };
		1E433E961D4792500056479A /* ForecastAlert.swift */ = {isa = PBXFileReference; fileEncoding = 4; lastKnownFileType = sourcecode.swift; path = ForecastAlert.swift; sourceTree = "<group>"; };
		1EA9820C1D48FF1900B3CAD3 /* ForecastFlagsTests.swift */ = {isa = PBXFileReference; fileEncoding = 4; lastKnownFileType = sourcecode.swift; path = ForecastFlagsTests.swift; sourceTree = "<group>"; };
		1EA982101D48FFEB00B3CAD3 /* flags.json */ = {isa = PBXFileReference; fileEncoding = 4; lastKnownFileType = text.json; path = flags.json; sourceTree = "<group>"; };
		21505191131C1AA1AC555975 /* Pods-DarkSkyKitExample.debug.xcconfig */ = {isa = PBXFileReference; includeInIndex = 1; lastKnownFileType = text.xcconfig; name = "Pods-DarkSkyKitExample.debug.xcconfig"; path = "Pods/Target Support Files/Pods-DarkSkyKitExample/Pods-DarkSkyKitExample.debug.xcconfig"; sourceTree = "<group>"; };
		39C1E25F35A04708AEEBE999 /* Pods_DarkSkyKitExampleTests.framework */ = {isa = PBXFileReference; explicitFileType = wrapper.framework; includeInIndex = 0; path = Pods_DarkSkyKitExampleTests.framework; sourceTree = BUILT_PRODUCTS_DIR; };
		5525DC6C1D3D89FF00D3967C /* ConfigurationTests.swift */ = {isa = PBXFileReference; lastKnownFileType = sourcecode.swift; path = ConfigurationTests.swift; sourceTree = "<group>"; };
		5525DC6E1D3D89FF00D3967C /* Info.plist */ = {isa = PBXFileReference; lastKnownFileType = text.plist.xml; path = Info.plist; sourceTree = "<group>"; };
		5525DC7C1D3D8ACA00D3967C /* DarkSkyKitExample.framework */ = {isa = PBXFileReference; explicitFileType = wrapper.framework; includeInIndex = 0; path = DarkSkyKitExample.framework; sourceTree = BUILT_PRODUCTS_DIR; };
		5525DC851D3D8ACA00D3967C /* DarkSkyKitExampleTests.xctest */ = {isa = PBXFileReference; explicitFileType = wrapper.cfbundle; includeInIndex = 0; path = DarkSkyKitExampleTests.xctest; sourceTree = BUILT_PRODUCTS_DIR; };
		5525DC941D3D8C2E00D3967C /* DarkSkyKit.swift */ = {isa = PBXFileReference; fileEncoding = 4; lastKnownFileType = sourcecode.swift; path = DarkSkyKit.swift; sourceTree = "<group>"; };
		5525DC961D3D973A00D3967C /* Current.swift */ = {isa = PBXFileReference; fileEncoding = 4; lastKnownFileType = sourcecode.swift; path = Current.swift; sourceTree = "<group>"; };
		5525DC981D3D974700D3967C /* TimeMachine.swift */ = {isa = PBXFileReference; fileEncoding = 4; lastKnownFileType = sourcecode.swift; path = TimeMachine.swift; sourceTree = "<group>"; };
		5525DC9A1D3D9ECA00D3967C /* Configuration.swift */ = {isa = PBXFileReference; fileEncoding = 4; lastKnownFileType = sourcecode.swift; path = Configuration.swift; sourceTree = "<group>"; };
		5535ADEC1D44270D002959EC /* Router.swift */ = {isa = PBXFileReference; fileEncoding = 4; lastKnownFileType = sourcecode.swift; path = Router.swift; sourceTree = "<group>"; };
		55B43F361D8AD9640000B3D3 /* Info.plist */ = {isa = PBXFileReference; fileEncoding = 4; lastKnownFileType = text.plist.xml; path = Info.plist; sourceTree = "<group>"; };
		A4C2E930139FA5009D7F9220 /* Pods_DarkSkyKitExample.framework */ = {isa = PBXFileReference; explicitFileType = wrapper.framework; includeInIndex = 0; path = Pods_DarkSkyKitExample.framework; sourceTree = BUILT_PRODUCTS_DIR; };
		DE43E9BF7E6793CD2ECD5389 /* Pods-DarkSkyKitExampleTests.debug.xcconfig */ = {isa = PBXFileReference; includeInIndex = 1; lastKnownFileType = text.xcconfig; name = "Pods-DarkSkyKitExampleTests.debug.xcconfig"; path = "Pods/Target Support Files/Pods-DarkSkyKitExampleTests/Pods-DarkSkyKitExampleTests.debug.xcconfig"; sourceTree = "<group>"; };
		E5287882EDF40734D09FD694 /* Pods-DarkSkyKitExample.release.xcconfig */ = {isa = PBXFileReference; includeInIndex = 1; lastKnownFileType = text.xcconfig; name = "Pods-DarkSkyKitExample.release.xcconfig"; path = "Pods/Target Support Files/Pods-DarkSkyKitExample/Pods-DarkSkyKitExample.release.xcconfig"; sourceTree = "<group>"; };
		E52B3C0FE5323EDDF8FE7025 /* Pods-DarkSkyKitExampleTests.release.xcconfig */ = {isa = PBXFileReference; includeInIndex = 1; lastKnownFileType = text.xcconfig; name = "Pods-DarkSkyKitExampleTests.release.xcconfig"; path = "Pods/Target Support Files/Pods-DarkSkyKitExampleTests/Pods-DarkSkyKitExampleTests.release.xcconfig"; sourceTree = "<group>"; };
/* End PBXFileReference section */

/* Begin PBXFrameworksBuildPhase section */
		5525DC781D3D8ACA00D3967C /* Frameworks */ = {
			isa = PBXFrameworksBuildPhase;
			buildActionMask = 2147483647;
			files = (
				F5ADC57F0B8F2D88A238781B /* Pods_DarkSkyKitExample.framework in Frameworks */,
			);
			runOnlyForDeploymentPostprocessing = 0;
		};
		5525DC821D3D8ACA00D3967C /* Frameworks */ = {
			isa = PBXFrameworksBuildPhase;
			buildActionMask = 2147483647;
			files = (
				5525DC861D3D8ACA00D3967C /* DarkSkyKitExample.framework in Frameworks */,
				D5E32BD5105B038CA4A10B05 /* Pods_DarkSkyKitExampleTests.framework in Frameworks */,
			);
			runOnlyForDeploymentPostprocessing = 0;
		};
/* End PBXFrameworksBuildPhase section */

/* Begin PBXGroup section */
		1E433E8F1D4792030056479A /* Models */ = {
			isa = PBXGroup;
			children = (
				1E433E8D1D476BA80056479A /* Forecast.swift */,
				1E433E901D4792250056479A /* ForecastDataPoint.swift */,
				1E433E961D4792500056479A /* ForecastAlert.swift */,
				1E433E931D47923A0056479A /* ForecastFlags.swift */,
			);
			path = Models;
			sourceTree = "<group>";
		};
		1EA9820F1D48FFB200B3CAD3 /* Data */ = {
			isa = PBXGroup;
			children = (
				1EA982101D48FFEB00B3CAD3 /* flags.json */,
			);
			name = Data;
			path = jsons;
			sourceTree = "<group>";
		};
		5525DC4B1D3D89FE00D3967C = {
			isa = PBXGroup;
			children = (
				5525DC561D3D89FF00D3967C /* DarkSkyKit */,
				55B43F351D8AD9640000B3D3 /* SupportingFiles */,
				5525DC6B1D3D89FF00D3967C /* DarkSkyKitTests */,
				5525DC551D3D89FF00D3967C /* Products */,
				B3EBC7B04F4CFC7939EC6614 /* Pods */,
				BBEA6A2ED8C69CC013A4DE5E /* Frameworks */,
			);
			sourceTree = "<group>";
		};
		5525DC551D3D89FF00D3967C /* Products */ = {
			isa = PBXGroup;
			children = (
				5525DC7C1D3D8ACA00D3967C /* DarkSkyKitExample.framework */,
				5525DC851D3D8ACA00D3967C /* DarkSkyKitExampleTests.xctest */,
			);
			name = Products;
			sourceTree = "<group>";
		};
		5525DC561D3D89FF00D3967C /* DarkSkyKit */ = {
			isa = PBXGroup;
			children = (
				5525DC941D3D8C2E00D3967C /* DarkSkyKit.swift */,
				5525DC9A1D3D9ECA00D3967C /* Configuration.swift */,
				5525DC961D3D973A00D3967C /* Current.swift */,
				5525DC981D3D974700D3967C /* TimeMachine.swift */,
				5535ADEC1D44270D002959EC /* Router.swift */,
				1E433E8F1D4792030056479A /* Models */,
			);
			name = DarkSkyKit;
			path = ../DarkSkyKit;
			sourceTree = "<group>";
		};
		5525DC6B1D3D89FF00D3967C /* DarkSkyKitTests */ = {
			isa = PBXGroup;
			children = (
				1EA9820F1D48FFB200B3CAD3 /* Data */,
				1E1FE0C71D47CF4D003A4AAE /* ForecastKitTests.swift */,
				5525DC6C1D3D89FF00D3967C /* ConfigurationTests.swift */,
				1EA9820C1D48FF1900B3CAD3 /* ForecastFlagsTests.swift */,
				5525DC6E1D3D89FF00D3967C /* Info.plist */,
			);
			path = DarkSkyKitTests;
			sourceTree = "<group>";
		};
		55B43F351D8AD9640000B3D3 /* SupportingFiles */ = {
			isa = PBXGroup;
			children = (
				55B43F361D8AD9640000B3D3 /* Info.plist */,
			);
			path = SupportingFiles;
			sourceTree = "<group>";
		};
		B3EBC7B04F4CFC7939EC6614 /* Pods */ = {
			isa = PBXGroup;
			children = (
				21505191131C1AA1AC555975 /* Pods-DarkSkyKitExample.debug.xcconfig */,
				E5287882EDF40734D09FD694 /* Pods-DarkSkyKitExample.release.xcconfig */,
				DE43E9BF7E6793CD2ECD5389 /* Pods-DarkSkyKitExampleTests.debug.xcconfig */,
				E52B3C0FE5323EDDF8FE7025 /* Pods-DarkSkyKitExampleTests.release.xcconfig */,
			);
			name = Pods;
			sourceTree = "<group>";
		};
		BBEA6A2ED8C69CC013A4DE5E /* Frameworks */ = {
			isa = PBXGroup;
			children = (
				A4C2E930139FA5009D7F9220 /* Pods_DarkSkyKitExample.framework */,
				39C1E25F35A04708AEEBE999 /* Pods_DarkSkyKitExampleTests.framework */,
			);
			name = Frameworks;
			sourceTree = "<group>";
		};
/* End PBXGroup section */

/* Begin PBXHeadersBuildPhase section */
		5525DC791D3D8ACA00D3967C /* Headers */ = {
			isa = PBXHeadersBuildPhase;
			buildActionMask = 2147483647;
			files = (
			);
			runOnlyForDeploymentPostprocessing = 0;
		};
/* End PBXHeadersBuildPhase section */

/* Begin PBXNativeTarget section */
		5525DC7B1D3D8ACA00D3967C /* DarkSkyKitExample */ = {
			isa = PBXNativeTarget;
			buildConfigurationList = 5525DC8D1D3D8ACA00D3967C /* Build configuration list for PBXNativeTarget "DarkSkyKitExample" */;
			buildPhases = (
				7F9644E7CD2E6962A904C7C1 /* [CP] Check Pods Manifest.lock */,
				5525DC771D3D8ACA00D3967C /* Sources */,
				5525DC781D3D8ACA00D3967C /* Frameworks */,
				5525DC791D3D8ACA00D3967C /* Headers */,
				5525DC7A1D3D8ACA00D3967C /* Resources */,
				CB7E7BB9F92A39E9F4F0B7AC /* [CP] Copy Pods Resources */,
			);
			buildRules = (
			);
			dependencies = (
			);
			name = DarkSkyKitExample;
			productName = ForecastKit;
			productReference = 5525DC7C1D3D8ACA00D3967C /* DarkSkyKitExample.framework */;
			productType = "com.apple.product-type.framework";
		};
		5525DC841D3D8ACA00D3967C /* DarkSkyKitExampleTests */ = {
			isa = PBXNativeTarget;
			buildConfigurationList = 5525DC901D3D8ACA00D3967C /* Build configuration list for PBXNativeTarget "DarkSkyKitExampleTests" */;
			buildPhases = (
				41ACE5A6B13F7B8251CE1661 /* [CP] Check Pods Manifest.lock */,
				5525DC811D3D8ACA00D3967C /* Sources */,
				5525DC821D3D8ACA00D3967C /* Frameworks */,
				5525DC831D3D8ACA00D3967C /* Resources */,
				5026FC9996AAB20A4B7A6682 /* [CP] Embed Pods Frameworks */,
				846EAC85F7EB48A932CA462C /* [CP] Copy Pods Resources */,
			);
			buildRules = (
			);
			dependencies = (
				5525DC881D3D8ACA00D3967C /* PBXTargetDependency */,
			);
			name = DarkSkyKitExampleTests;
			productName = ForecastKitTests;
			productReference = 5525DC851D3D8ACA00D3967C /* DarkSkyKitExampleTests.xctest */;
			productType = "com.apple.product-type.bundle.unit-test";
		};
/* End PBXNativeTarget section */

/* Begin PBXProject section */
		5525DC4C1D3D89FE00D3967C /* Project object */ = {
			isa = PBXProject;
			attributes = {
				LastSwiftUpdateCheck = 0730;
				LastUpgradeCheck = 0730;
				ORGANIZATIONNAME = "Sergi Gracia";
				TargetAttributes = {
					5525DC7B1D3D8ACA00D3967C = {
						CreatedOnToolsVersion = 7.3.1;
					};
					5525DC841D3D8ACA00D3967C = {
						CreatedOnToolsVersion = 7.3.1;
					};
				};
			};
			buildConfigurationList = 5525DC4F1D3D89FE00D3967C /* Build configuration list for PBXProject "DarkSkyKitExample" */;
			compatibilityVersion = "Xcode 3.2";
			developmentRegion = English;
			hasScannedForEncodings = 0;
			knownRegions = (
				en,
				Base,
			);
			mainGroup = 5525DC4B1D3D89FE00D3967C;
			productRefGroup = 5525DC551D3D89FF00D3967C /* Products */;
			projectDirPath = "";
			projectRoot = "";
			targets = (
				5525DC7B1D3D8ACA00D3967C /* DarkSkyKitExample */,
				5525DC841D3D8ACA00D3967C /* DarkSkyKitExampleTests */,
			);
		};
/* End PBXProject section */

/* Begin PBXResourcesBuildPhase section */
		5525DC7A1D3D8ACA00D3967C /* Resources */ = {
			isa = PBXResourcesBuildPhase;
			buildActionMask = 2147483647;
			files = (
			);
			runOnlyForDeploymentPostprocessing = 0;
		};
		5525DC831D3D8ACA00D3967C /* Resources */ = {
			isa = PBXResourcesBuildPhase;
			buildActionMask = 2147483647;
			files = (
				1EA982111D48FFEB00B3CAD3 /* flags.json in Resources */,
			);
			runOnlyForDeploymentPostprocessing = 0;
		};
/* End PBXResourcesBuildPhase section */

/* Begin PBXShellScriptBuildPhase section */
		41ACE5A6B13F7B8251CE1661 /* [CP] Check Pods Manifest.lock */ = {
			isa = PBXShellScriptBuildPhase;
			buildActionMask = 2147483647;
			files = (
			);
			inputPaths = (
			);
			name = "[CP] Check Pods Manifest.lock";
			outputPaths = (
			);
			runOnlyForDeploymentPostprocessing = 0;
			shellPath = /bin/sh;
			shellScript = "diff \"${PODS_ROOT}/../Podfile.lock\" \"${PODS_ROOT}/Manifest.lock\" > /dev/null\nif [ $? != 0 ] ; then\n    # print error to STDERR\n    echo \"error: The sandbox is not in sync with the Podfile.lock. Run 'pod install' or update your CocoaPods installation.\" >&2\n    exit 1\nfi\n";
			showEnvVarsInLog = 0;
		};
		5026FC9996AAB20A4B7A6682 /* [CP] Embed Pods Frameworks */ = {
			isa = PBXShellScriptBuildPhase;
			buildActionMask = 2147483647;
			files = (
			);
			inputPaths = (
			);
			name = "[CP] Embed Pods Frameworks";
			outputPaths = (
			);
			runOnlyForDeploymentPostprocessing = 0;
			shellPath = /bin/sh;
			shellScript = "\"${SRCROOT}/Pods/Target Support Files/Pods-DarkSkyKitExampleTests/Pods-DarkSkyKitExampleTests-frameworks.sh\"\n";
			showEnvVarsInLog = 0;
		};
		7F9644E7CD2E6962A904C7C1 /* [CP] Check Pods Manifest.lock */ = {
			isa = PBXShellScriptBuildPhase;
			buildActionMask = 2147483647;
			files = (
			);
			inputPaths = (
			);
			name = "[CP] Check Pods Manifest.lock";
			outputPaths = (
			);
			runOnlyForDeploymentPostprocessing = 0;
			shellPath = /bin/sh;
			shellScript = "diff \"${PODS_ROOT}/../Podfile.lock\" \"${PODS_ROOT}/Manifest.lock\" > /dev/null\nif [ $? != 0 ] ; then\n    # print error to STDERR\n    echo \"error: The sandbox is not in sync with the Podfile.lock. Run 'pod install' or update your CocoaPods installation.\" >&2\n    exit 1\nfi\n";
			showEnvVarsInLog = 0;
		};
		846EAC85F7EB48A932CA462C /* [CP] Copy Pods Resources */ = {
			isa = PBXShellScriptBuildPhase;
			buildActionMask = 2147483647;
			files = (
			);
			inputPaths = (
			);
			name = "[CP] Copy Pods Resources";
			outputPaths = (
			);
			runOnlyForDeploymentPostprocessing = 0;
			shellPath = /bin/sh;
			shellScript = "\"${SRCROOT}/Pods/Target Support Files/Pods-DarkSkyKitExampleTests/Pods-DarkSkyKitExampleTests-resources.sh\"\n";
			showEnvVarsInLog = 0;
		};
		CB7E7BB9F92A39E9F4F0B7AC /* [CP] Copy Pods Resources */ = {
			isa = PBXShellScriptBuildPhase;
			buildActionMask = 2147483647;
			files = (
			);
			inputPaths = (
			);
			name = "[CP] Copy Pods Resources";
			outputPaths = (
			);
			runOnlyForDeploymentPostprocessing = 0;
			shellPath = /bin/sh;
			shellScript = "\"${SRCROOT}/Pods/Target Support Files/Pods-DarkSkyKitExample/Pods-DarkSkyKitExample-resources.sh\"\n";
			showEnvVarsInLog = 0;
		};
/* End PBXShellScriptBuildPhase section */

/* Begin PBXSourcesBuildPhase section */
		5525DC771D3D8ACA00D3967C /* Sources */ = {
			isa = PBXSourcesBuildPhase;
			buildActionMask = 2147483647;
			files = (
				1E433E971D4792500056479A /* ForecastAlert.swift in Sources */,
				5525DC951D3D8C2E00D3967C /* DarkSkyKit.swift in Sources */,
				5525DC971D3D973A00D3967C /* Current.swift in Sources */,
				5535ADED1D44270D002959EC /* Router.swift in Sources */,
				5525DC9B1D3D9ECA00D3967C /* Configuration.swift in Sources */,
				1E433E8E1D476BA80056479A /* Forecast.swift in Sources */,
				1E433E911D4792250056479A /* ForecastDataPoint.swift in Sources */,
				5525DC991D3D974700D3967C /* TimeMachine.swift in Sources */,
				1E433E941D47923A0056479A /* ForecastFlags.swift in Sources */,
			);
			runOnlyForDeploymentPostprocessing = 0;
		};
		5525DC811D3D8ACA00D3967C /* Sources */ = {
			isa = PBXSourcesBuildPhase;
			buildActionMask = 2147483647;
			files = (
				1E1FE0C01D47C0AD003A4AAE /* Forecast.swift in Sources */,
				1E433E981D4792500056479A /* ForecastAlert.swift in Sources */,
				1E1FE0C21D47C0B9003A4AAE /* TimeMachine.swift in Sources */,
				1E1FE0C11D47C0B6003A4AAE /* Router.swift in Sources */,
				1E433E921D4792250056479A /* ForecastDataPoint.swift in Sources */,
				1E433E951D47923A0056479A /* ForecastFlags.swift in Sources */,
				1EA9820D1D48FF1900B3CAD3 /* ForecastFlagsTests.swift in Sources */,
				1E1FE0C41D47C0BE003A4AAE /* Configuration.swift in Sources */,
				1E1FE0C51D47C0C0003A4AAE /* DarkSkyKit.swift in Sources */,
				1E1FE0C31D47C0BB003A4AAE /* Current.swift in Sources */,
				1E1FE0C61D47C11C003A4AAE /* ConfigurationTests.swift in Sources */,
				1E1FE0C81D47CF4D003A4AAE /* ForecastKitTests.swift in Sources */,
			);
			runOnlyForDeploymentPostprocessing = 0;
		};
/* End PBXSourcesBuildPhase section */

/* Begin PBXTargetDependency section */
		5525DC881D3D8ACA00D3967C /* PBXTargetDependency */ = {
			isa = PBXTargetDependency;
			target = 5525DC7B1D3D8ACA00D3967C /* DarkSkyKitExample */;
			targetProxy = 5525DC871D3D8ACA00D3967C /* PBXContainerItemProxy */;
		};
/* End PBXTargetDependency section */

/* Begin XCBuildConfiguration section */
		5525DC6F1D3D89FF00D3967C /* Debug */ = {
			isa = XCBuildConfiguration;
			buildSettings = {
				ALWAYS_SEARCH_USER_PATHS = NO;
				CLANG_ANALYZER_NONNULL = YES;
				CLANG_CXX_LANGUAGE_STANDARD = "gnu++0x";
				CLANG_CXX_LIBRARY = "libc++";
				CLANG_ENABLE_MODULES = YES;
				CLANG_ENABLE_OBJC_ARC = YES;
				CLANG_WARN_BOOL_CONVERSION = YES;
				CLANG_WARN_CONSTANT_CONVERSION = YES;
				CLANG_WARN_DIRECT_OBJC_ISA_USAGE = YES_ERROR;
				CLANG_WARN_EMPTY_BODY = YES;
				CLANG_WARN_ENUM_CONVERSION = YES;
				CLANG_WARN_INT_CONVERSION = YES;
				CLANG_WARN_OBJC_ROOT_CLASS = YES_ERROR;
				CLANG_WARN_UNREACHABLE_CODE = YES;
				CLANG_WARN__DUPLICATE_METHOD_MATCH = YES;
				"CODE_SIGN_IDENTITY[sdk=iphoneos*]" = "iPhone Developer";
				COPY_PHASE_STRIP = NO;
				DEBUG_INFORMATION_FORMAT = dwarf;
				ENABLE_STRICT_OBJC_MSGSEND = YES;
				ENABLE_TESTABILITY = YES;
				GCC_C_LANGUAGE_STANDARD = gnu99;
				GCC_DYNAMIC_NO_PIC = NO;
				GCC_NO_COMMON_BLOCKS = YES;
				GCC_OPTIMIZATION_LEVEL = 0;
				GCC_PREPROCESSOR_DEFINITIONS = (
					"DEBUG=1",
					"$(inherited)",
				);
				GCC_WARN_64_TO_32_BIT_CONVERSION = YES;
				GCC_WARN_ABOUT_RETURN_TYPE = YES_ERROR;
				GCC_WARN_UNDECLARED_SELECTOR = YES;
				GCC_WARN_UNINITIALIZED_AUTOS = YES_AGGRESSIVE;
				GCC_WARN_UNUSED_FUNCTION = YES;
				GCC_WARN_UNUSED_VARIABLE = YES;
				IPHONEOS_DEPLOYMENT_TARGET = 9.3;
				MTL_ENABLE_DEBUG_INFO = YES;
				ONLY_ACTIVE_ARCH = YES;
				SDKROOT = iphoneos;
				SWIFT_OPTIMIZATION_LEVEL = "-Onone";
				SWIFT_VERSION = 2.3;
				TARGETED_DEVICE_FAMILY = "1,2";
			};
			name = Debug;
		};
		5525DC701D3D89FF00D3967C /* Release */ = {
			isa = XCBuildConfiguration;
			buildSettings = {
				ALWAYS_SEARCH_USER_PATHS = NO;
				CLANG_ANALYZER_NONNULL = YES;
				CLANG_CXX_LANGUAGE_STANDARD = "gnu++0x";
				CLANG_CXX_LIBRARY = "libc++";
				CLANG_ENABLE_MODULES = YES;
				CLANG_ENABLE_OBJC_ARC = YES;
				CLANG_WARN_BOOL_CONVERSION = YES;
				CLANG_WARN_CONSTANT_CONVERSION = YES;
				CLANG_WARN_DIRECT_OBJC_ISA_USAGE = YES_ERROR;
				CLANG_WARN_EMPTY_BODY = YES;
				CLANG_WARN_ENUM_CONVERSION = YES;
				CLANG_WARN_INT_CONVERSION = YES;
				CLANG_WARN_OBJC_ROOT_CLASS = YES_ERROR;
				CLANG_WARN_UNREACHABLE_CODE = YES;
				CLANG_WARN__DUPLICATE_METHOD_MATCH = YES;
				"CODE_SIGN_IDENTITY[sdk=iphoneos*]" = "iPhone Developer";
				COPY_PHASE_STRIP = NO;
				DEBUG_INFORMATION_FORMAT = "dwarf-with-dsym";
				ENABLE_NS_ASSERTIONS = NO;
				ENABLE_STRICT_OBJC_MSGSEND = YES;
				GCC_C_LANGUAGE_STANDARD = gnu99;
				GCC_NO_COMMON_BLOCKS = YES;
				GCC_WARN_64_TO_32_BIT_CONVERSION = YES;
				GCC_WARN_ABOUT_RETURN_TYPE = YES_ERROR;
				GCC_WARN_UNDECLARED_SELECTOR = YES;
				GCC_WARN_UNINITIALIZED_AUTOS = YES_AGGRESSIVE;
				GCC_WARN_UNUSED_FUNCTION = YES;
				GCC_WARN_UNUSED_VARIABLE = YES;
				IPHONEOS_DEPLOYMENT_TARGET = 9.3;
				MTL_ENABLE_DEBUG_INFO = NO;
				SDKROOT = iphoneos;
				SWIFT_VERSION = 2.3;
				TARGETED_DEVICE_FAMILY = "1,2";
				VALIDATE_PRODUCT = YES;
			};
			name = Release;
		};
		5525DC8E1D3D8ACA00D3967C /* Debug */ = {
			isa = XCBuildConfiguration;
			baseConfigurationReference = 21505191131C1AA1AC555975 /* Pods-DarkSkyKitExample.debug.xcconfig */;
			buildSettings = {
				CLANG_ALLOW_NON_MODULAR_INCLUDES_IN_FRAMEWORK_MODULES = YES;
				CLANG_ENABLE_MODULES = YES;
				CURRENT_PROJECT_VERSION = 1;
				DEFINES_MODULE = YES;
				DYLIB_COMPATIBILITY_VERSION = 1;
				DYLIB_CURRENT_VERSION = 1;
				DYLIB_INSTALL_NAME_BASE = "@rpath";
				INFOPLIST_FILE = SupportingFiles/Info.plist;
				INSTALL_PATH = "$(LOCAL_LIBRARY_DIR)/Frameworks";
				LD_RUNPATH_SEARCH_PATHS = "$(inherited) @executable_path/Frameworks @loader_path/Frameworks";
				PRODUCT_BUNDLE_IDENTIFIER = com.sergigracia.DarkSkyKitExample;
				PRODUCT_NAME = "$(TARGET_NAME)";
				SKIP_INSTALL = YES;
				SWIFT_OPTIMIZATION_LEVEL = "-Onone";
				VERSIONING_SYSTEM = "apple-generic";
				VERSION_INFO_PREFIX = "";
			};
			name = Debug;
		};
		5525DC8F1D3D8ACA00D3967C /* Release */ = {
			isa = XCBuildConfiguration;
			baseConfigurationReference = E5287882EDF40734D09FD694 /* Pods-DarkSkyKitExample.release.xcconfig */;
			buildSettings = {
				CLANG_ALLOW_NON_MODULAR_INCLUDES_IN_FRAMEWORK_MODULES = YES;
				CLANG_ENABLE_MODULES = YES;
				CURRENT_PROJECT_VERSION = 1;
				DEFINES_MODULE = YES;
				DYLIB_COMPATIBILITY_VERSION = 1;
				DYLIB_CURRENT_VERSION = 1;
				DYLIB_INSTALL_NAME_BASE = "@rpath";
				INFOPLIST_FILE = SupportingFiles/Info.plist;
				INSTALL_PATH = "$(LOCAL_LIBRARY_DIR)/Frameworks";
				LD_RUNPATH_SEARCH_PATHS = "$(inherited) @executable_path/Frameworks @loader_path/Frameworks";
				PRODUCT_BUNDLE_IDENTIFIER = com.sergigracia.DarkSkyKitExample;
				PRODUCT_NAME = "$(TARGET_NAME)";
				SKIP_INSTALL = YES;
				VERSIONING_SYSTEM = "apple-generic";
				VERSION_INFO_PREFIX = "";
			};
			name = Release;
		};
		5525DC911D3D8ACA00D3967C /* Debug */ = {
			isa = XCBuildConfiguration;
			baseConfigurationReference = DE43E9BF7E6793CD2ECD5389 /* Pods-DarkSkyKitExampleTests.debug.xcconfig */;
			buildSettings = {
				CLANG_ENABLE_MODULES = YES;
				INFOPLIST_FILE = DarkSkyKitTests/Info.plist;
				LD_RUNPATH_SEARCH_PATHS = "$(inherited) @executable_path/Frameworks @loader_path/Frameworks $(FRAMEWORK_SEARCH_PATHS)";
				PRODUCT_BUNDLE_IDENTIFIER = com.sergigracia.DarkSkyKitExampleTests;
				PRODUCT_NAME = "$(TARGET_NAME)";
				SWIFT_OPTIMIZATION_LEVEL = "-Onone";
			};
			name = Debug;
		};
		5525DC921D3D8ACA00D3967C /* Release */ = {
			isa = XCBuildConfiguration;
			baseConfigurationReference = E52B3C0FE5323EDDF8FE7025 /* Pods-DarkSkyKitExampleTests.release.xcconfig */;
			buildSettings = {
				CLANG_ENABLE_MODULES = YES;
				INFOPLIST_FILE = DarkSkyKitTests/Info.plist;
				LD_RUNPATH_SEARCH_PATHS = "$(inherited) @executable_path/Frameworks @loader_path/Frameworks $(FRAMEWORK_SEARCH_PATHS)";
				PRODUCT_BUNDLE_IDENTIFIER = com.sergigracia.DarkSkyKitExampleTests;
				PRODUCT_NAME = "$(TARGET_NAME)";
			};
			name = Release;
		};
/* End XCBuildConfiguration section */

/* Begin XCConfigurationList section */
		5525DC4F1D3D89FE00D3967C /* Build configuration list for PBXProject "DarkSkyKitExample" */ = {
			isa = XCConfigurationList;
			buildConfigurations = (
				5525DC6F1D3D89FF00D3967C /* Debug */,
				5525DC701D3D89FF00D3967C /* Release */,
			);
			defaultConfigurationIsVisible = 0;
			defaultConfigurationName = Release;
		};
		5525DC8D1D3D8ACA00D3967C /* Build configuration list for PBXNativeTarget "DarkSkyKitExample" */ = {
			isa = XCConfigurationList;
			buildConfigurations = (
				5525DC8E1D3D8ACA00D3967C /* Debug */,
				5525DC8F1D3D8ACA00D3967C /* Release */,
			);
			defaultConfigurationIsVisible = 0;
			defaultConfigurationName = Release;
		};
		5525DC901D3D8ACA00D3967C /* Build configuration list for PBXNativeTarget "DarkSkyKitExampleTests" */ = {
			isa = XCConfigurationList;
			buildConfigurations = (
				5525DC911D3D8ACA00D3967C /* Debug */,
				5525DC921D3D8ACA00D3967C /* Release */,
			);
			defaultConfigurationIsVisible = 0;
			defaultConfigurationName = Release;
		};
/* End XCConfigurationList section */
	};
	rootObject = 5525DC4C1D3D89FE00D3967C /* Project object */;
}
